
Microsoft Visual Studio Solution File, Format Version 12.00
# Visual Studio Version 17
VisualStudioVersion = 17.1.32210.238
MinimumVisualStudioVersion = 10.0.40219.1
Project("{FAE04EC0-301F-11D3-BF4B-00C04F79EFBC}") = "AppSettingsDemo", "AppSettingsDemo\AppSettingsDemo.csproj", "{602D32E0-6BC1-4CE1-87BD-D0FF4917ACFB}"
EndProject
Global
	GlobalSection(SolutionConfigurationPlatforms) = preSolution
		Debug|Any CPU = Debug|Any CPU
		Release|Any CPU = Release|Any CPU
	EndGlobalSection
	GlobalSection(ProjectConfigurationPlatforms) = postSolution
		{602D32E0-6BC1-4CE1-87BD-D0FF4917ACFB}.Debug|Any CPU.ActiveCfg = Debug|Any CPU
		{602D32E0-6BC1-4CE1-87BD-D0FF4917ACFB}.Debug|Any CPU.Build.0 = Debug|Any CPU
		{602D32E0-6BC1-4CE1-87BD-D0FF4917ACFB}.Release|Any CPU.ActiveCfg = Release|Any CPU
		{602D32E0-6BC1-4CE1-87BD-D0FF4917ACFB}.Release|Any CPU.Build.0 = Release|Any CPU
	EndGlobalSection
	GlobalSection(SolutionProperties) = preSolution
		HideSolutionNode = FALSE
	EndGlobalSection
	GlobalSection(ExtensibilityGlobals) = postSolution
		SolutionGuid = {C5A801CF-70A6-4C89-8DFD-4E6FF7E310B2}
	EndGlobalSection
EndGlobal
